# THIS IS AN AUTOGENERATED FILE. DO NOT EDIT THIS FILE DIRECTLY.
# yarn lockfile v1


"@types/node@6":
  version "6.0.73"
  resolved "https://registry.yarnpkg.com/@types/node/-/node-6.0.73.tgz#85dc4bb6f125377c75ddd2519a1eeb63f0a4ed70"

typescript@^2.3.2:
  version "2.3.2"
  resolved "https://registry.yarnpkg.com/typescript/-/typescript-2.3.2.tgz#f0f045e196f69a72f06b25fd3bd39d01c3ce9984"
